{
  "lockfile_version": "1",
  "packages": {
    "nodePackages.yarn@latest": {
      "last_modified": "2024-04-19T21:36:04Z",
      "resolved": "github:NixOS/nixpkgs/92d295f588631b0db2da509f381b4fb1e74173c5#nodePackages.yarn",
      "source": "devbox-search",
      "version": "1.22.22",
      "systems": {
        "aarch64-linux": {
          "store_path": "/nix/store/1yckpsr5585sw4vyszcyzbi2669da9ar-yarn-1.22.22"
        },
        "x86_64-linux": {
          "store_path": "/nix/store/58910c5cx5gxn1icgpbf85j1vdcvapwz-yarn-1.22.22"
        }
      }
    },
    "nodejs@latest": {
      "last_modified": "2024-04-19T21:36:04Z",
      "plugin_version": "0.0.2",
      "resolved": "github:NixOS/nixpkgs/92d295f588631b0db2da509f381b4fb1e74173c5#nodejs_21",
      "source": "devbox-search",
      "version": "21.7.3",
      "systems": {
        "aarch64-darwin": {
          "store_path": "/nix/store/hxr5ziwxn72wxcrhxasdy542h6z0r9hg-nodejs-21.7.3"
        },
        "aarch64-linux": {
          "store_path": "/nix/store/xfddvy0bfzc78yipmyx81irjqfpkm1d0-nodejs-21.7.3"
        },
        "x86_64-darwin": {
          "store_path": "/nix/store/pnrd7gl28dmy86pprrpifq7qny3sx1xp-nodejs-21.7.3"
        },
        "x86_64-linux": {
          "store_path": "/nix/store/dfs59hwhc4mb4hdk77nc5dd39k2v2qs2-nodejs-21.7.3"
        }
      }
    },
    "yarn@latest": {
      "last_modified": "2024-07-10T06:55:44Z",
      "resolved": "github:NixOS/nixpkgs/aa9461550594533c29866d42f861b6ff079a7fb6#yarn",
      "source": "devbox-search",
      "version": "1.22.22",
      "systems": {
        "aarch64-darwin": {
          "outputs": [
            {
              "name": "out",
              "path": "/nix/store/bm65qc23mr8qw138j4mmykwdizv329bi-yarn-1.22.22",
              "default": true
            }
          ],
          "store_path": "/nix/store/bm65qc23mr8qw138j4mmykwdizv329bi-yarn-1.22.22"
        },
        "aarch64-linux": {
          "outputs": [
            {
              "name": "out",
              "path": "/nix/store/7fjgxhv237bv4r6pcdlh7a41gcfvwbn5-yarn-1.22.22",
              "default": true
            }
          ],
          "store_path": "/nix/store/7fjgxhv237bv4r6pcdlh7a41gcfvwbn5-yarn-1.22.22"
        },
        "x86_64-darwin": {
          "outputs": [
            {
              "name": "out",
              "path": "/nix/store/zs3ychnnq3g6zpmsq6y96kbam0xxx18h-yarn-1.22.22",
              "default": true
            }
          ],
          "store_path": "/nix/store/zs3ychnnq3g6zpmsq6y96kbam0xxx18h-yarn-1.22.22"
        },
        "x86_64-linux": {
          "outputs": [
            {
              "name": "out",
              "path": "/nix/store/haab93gw30andk2jlarvbf51r9m7plj7-yarn-1.22.22",
              "default": true
            }
          ],
          "store_path": "/nix/store/haab93gw30andk2jlarvbf51r9m7plj7-yarn-1.22.22"
        }
      }
    }
  }
}
